// !$*UTF8*$!
{
	archiveVersion = 1;
	classes = {
	};
	objectVersion = 51;
	objects = {

/* Begin PBXBuildFile section */
		08356EA90966DF288D174C17 /* Pods_Face_Detector.framework in Frameworks */ = {isa = PBXBuildFile; fileRef = A5C3D39745ABC9776FF25A03 /* Pods_Face_Detector.framework */; };
		78318711230E0D68009D7A0A /* CALayer.swift in Sources */ = {isa = PBXBuildFile; fileRef = 78318710230E0D68009D7A0A /* CALayer.swift */; };
		78318713230E0DBA009D7A0A /* Utils.swift in Sources */ = {isa = PBXBuildFile; fileRef = 78318712230E0DBA009D7A0A /* Utils.swift */; };
		78838B39230DB466009A2BF9 /* GoogleService-Info.plist in Resources */ = {isa = PBXBuildFile; fileRef = 78838B38230DB466009A2BF9 /* GoogleService-Info.plist */; };
		78C61664230C9883009829DB /* AppDelegate.swift in Sources */ = {isa = PBXBuildFile; fileRef = 78C61663230C9883009829DB /* AppDelegate.swift */; };
		78C61666230C9883009829DB /* FaceDetectionViewController.swift in Sources */ = {isa = PBXBuildFile; fileRef = 78C61665230C9883009829DB /* FaceDetectionViewController.swift */; };
		78C61668230C9886009829DB /* Assets.xcassets in Resources */ = {isa = PBXBuildFile; fileRef = 78C61667230C9886009829DB /* Assets.xcassets */; };
		78C6166B230C9886009829DB /* Main.storyboard in Resources */ = {isa = PBXBuildFile; fileRef = 78C61669230C9886009829DB /* Main.storyboard */; };
		78C61677230C9886009829DB /* Face_DetectorTests.swift in Sources */ = {isa = PBXBuildFile; fileRef = 78C61676230C9886009829DB /* Face_DetectorTests.swift */; };
		78C61682230C9886009829DB /* Face_DetectorUITests.swift in Sources */ = {isa = PBXBuildFile; fileRef = 78C61681230C9886009829DB /* Face_DetectorUITests.swift */; };
		78C61691230C99D1009829DB /* AVFoundation.framework in Frameworks */ = {isa = PBXBuildFile; fileRef = 78C61690230C99D1009829DB /* AVFoundation.framework */; };
		78C61693230C99D8009829DB /* Vision.framework in Frameworks */ = {isa = PBXBuildFile; fileRef = 78C61692230C99D8009829DB /* Vision.framework */; };
		78C61695230CA2FD009829DB /* AVKit.framework in Frameworks */ = {isa = PBXBuildFile; fileRef = 78C61694230CA2FD009829DB /* AVKit.framework */; };
		78F44351231159EF005CCBF0 /* GeneralPreferenceViewController.swift in Sources */ = {isa = PBXBuildFile; fileRef = 78F4434D231159EF005CCBF0 /* GeneralPreferenceViewController.swift */; };
		78F44352231159EF005CCBF0 /* VideoCameraPreferenceViewController.xib in Resources */ = {isa = PBXBuildFile; fileRef = 78F4434E231159EF005CCBF0 /* VideoCameraPreferenceViewController.xib */; };
		78F44353231159EF005CCBF0 /* GeneralPreferenceViewController.xib in Resources */ = {isa = PBXBuildFile; fileRef = 78F4434F231159EF005CCBF0 /* GeneralPreferenceViewController.xib */; };
		78F44354231159EF005CCBF0 /* VideoCameraPreferenceViewController.swift in Sources */ = {isa = PBXBuildFile; fileRef = 78F44350231159EF005CCBF0 /* VideoCameraPreferenceViewController.swift */; };
		78F4435723115C27005CCBF0 /* util.swift in Sources */ = {isa = PBXBuildFile; fileRef = 78F4435523115C26005CCBF0 /* util.swift */; };
		78F4435823115C27005CCBF0 /* PreferencesStyle+UserDefaults.swift in Sources */ = {isa = PBXBuildFile; fileRef = 78F4435623115C27005CCBF0 /* PreferencesStyle+UserDefaults.swift */; };
/* End PBXBuildFile section */

/* Begin PBXContainerItemProxy section */
		78C61673230C9886009829DB /* PBXContainerItemProxy */ = {
			isa = PBXContainerItemProxy;
			containerPortal = 78C61658230C9883009829DB /* Project object */;
			proxyType = 1;
			remoteGlobalIDString = 78C6165F230C9883009829DB;
			remoteInfo = "Face Detector";
		};
		78C6167E230C9886009829DB /* PBXContainerItemProxy */ = {
			isa = PBXContainerItemProxy;
			containerPortal = 78C61658230C9883009829DB /* Project object */;
			proxyType = 1;
			remoteGlobalIDString = 78C6165F230C9883009829DB;
			remoteInfo = "Face Detector";
		};
/* End PBXContainerItemProxy section */

/* Begin PBXFileReference section */
		3C69AD10BA218E333A991962 /* Pods-Face Detector.release.xcconfig */ = {isa = PBXFileReference; includeInIndex = 1; lastKnownFileType = text.xcconfig; name = "Pods-Face Detector.release.xcconfig"; path = "Target Support Files/Pods-Face Detector/Pods-Face Detector.release.xcconfig"; sourceTree = "<group>"; };
		6F091BCC8C5C44F9013A422B /* Pods-Face Detector.debug.xcconfig */ = {isa = PBXFileReference; includeInIndex = 1; lastKnownFileType = text.xcconfig; name = "Pods-Face Detector.debug.xcconfig"; path = "Target Support Files/Pods-Face Detector/Pods-Face Detector.debug.xcconfig"; sourceTree = "<group>"; };
		78318710230E0D68009D7A0A /* CALayer.swift */ = {isa = PBXFileReference; lastKnownFileType = sourcecode.swift; path = CALayer.swift; sourceTree = "<group>"; };
		78318712230E0DBA009D7A0A /* Utils.swift */ = {isa = PBXFileReference; lastKnownFileType = sourcecode.swift; path = Utils.swift; sourceTree = "<group>"; };
		785AD6C8230F2026001223C3 /* CrossPlatformRenderer.swift */ = {isa = PBXFileReference; fileEncoding = 4; lastKnownFileType = sourcecode.swift; path = CrossPlatformRenderer.swift; sourceTree = "<group>"; };
		785AD6CA230F20C8001223C3 /* ImageFormatUtility.swift */ = {isa = PBXFileReference; fileEncoding = 4; lastKnownFileType = sourcecode.swift; path = ImageFormatUtility.swift; sourceTree = "<group>"; };
		785AD6CB230F20C8001223C3 /* PushDraw.swift */ = {isa = PBXFileReference; fileEncoding = 4; lastKnownFileType = sourcecode.swift; path = PushDraw.swift; sourceTree = "<group>"; };
		785AD6CC230F20C8001223C3 /* CrossPlatformDefines.swift */ = {isa = PBXFileReference; fileEncoding = 4; lastKnownFileType = sourcecode.swift; path = CrossPlatformDefines.swift; sourceTree = "<group>"; };
		78838B38230DB466009A2BF9 /* GoogleService-Info.plist */ = {isa = PBXFileReference; fileEncoding = 4; lastKnownFileType = text.plist.xml; path = "GoogleService-Info.plist"; sourceTree = "<group>"; };
		78C61660230C9883009829DB /* Face Detector.app */ = {isa = PBXFileReference; explicitFileType = wrapper.application; includeInIndex = 0; path = "Face Detector.app"; sourceTree = BUILT_PRODUCTS_DIR; };
		78C61663230C9883009829DB /* AppDelegate.swift */ = {isa = PBXFileReference; lastKnownFileType = sourcecode.swift; path = AppDelegate.swift; sourceTree = "<group>"; };
		78C61665230C9883009829DB /* FaceDetectionViewController.swift */ = {isa = PBXFileReference; lastKnownFileType = sourcecode.swift; path = FaceDetectionViewController.swift; sourceTree = "<group>"; };
		78C61667230C9886009829DB /* Assets.xcassets */ = {isa = PBXFileReference; lastKnownFileType = folder.assetcatalog; path = Assets.xcassets; sourceTree = "<group>"; };
		78C6166A230C9886009829DB /* Base */ = {isa = PBXFileReference; lastKnownFileType = file.storyboard; name = Base; path = Base.lproj/Main.storyboard; sourceTree = "<group>"; };
		78C6166C230C9886009829DB /* Info.plist */ = {isa = PBXFileReference; lastKnownFileType = text.plist.xml; path = Info.plist; sourceTree = "<group>"; };
		78C6166D230C9886009829DB /* Face_Detector.entitlements */ = {isa = PBXFileReference; lastKnownFileType = text.plist.entitlements; path = Face_Detector.entitlements; sourceTree = "<group>"; };
		78C61672230C9886009829DB /* Face DetectorTests.xctest */ = {isa = PBXFileReference; explicitFileType = wrapper.cfbundle; includeInIndex = 0; path = "Face DetectorTests.xctest"; sourceTree = BUILT_PRODUCTS_DIR; };
		78C61676230C9886009829DB /* Face_DetectorTests.swift */ = {isa = PBXFileReference; lastKnownFileType = sourcecode.swift; path = Face_DetectorTests.swift; sourceTree = "<group>"; };
		78C61678230C9886009829DB /* Info.plist */ = {isa = PBXFileReference; lastKnownFileType = text.plist.xml; path = Info.plist; sourceTree = "<group>"; };
		78C6167D230C9886009829DB /* Face DetectorUITests.xctest */ = {isa = PBXFileReference; explicitFileType = wrapper.cfbundle; includeInIndex = 0; path = "Face DetectorUITests.xctest"; sourceTree = BUILT_PRODUCTS_DIR; };
		78C61681230C9886009829DB /* Face_DetectorUITests.swift */ = {isa = PBXFileReference; lastKnownFileType = sourcecode.swift; path = Face_DetectorUITests.swift; sourceTree = "<group>"; };
		78C61683230C9886009829DB /* Info.plist */ = {isa = PBXFileReference; lastKnownFileType = text.plist.xml; path = Info.plist; sourceTree = "<group>"; };
		78C61690230C99D1009829DB /* AVFoundation.framework */ = {isa = PBXFileReference; lastKnownFileType = wrapper.framework; name = AVFoundation.framework; path = System/Library/Frameworks/AVFoundation.framework; sourceTree = SDKROOT; };
		78C61692230C99D8009829DB /* Vision.framework */ = {isa = PBXFileReference; lastKnownFileType = wrapper.framework; name = Vision.framework; path = System/Library/Frameworks/Vision.framework; sourceTree = SDKROOT; };
		78C61694230CA2FD009829DB /* AVKit.framework */ = {isa = PBXFileReference; lastKnownFileType = wrapper.framework; name = AVKit.framework; path = System/Library/Frameworks/AVKit.framework; sourceTree = SDKROOT; };
		78F4434D231159EF005CCBF0 /* GeneralPreferenceViewController.swift */ = {isa = PBXFileReference; fileEncoding = 4; lastKnownFileType = sourcecode.swift; path = GeneralPreferenceViewController.swift; sourceTree = "<group>"; };
		78F4434E231159EF005CCBF0 /* VideoCameraPreferenceViewController.xib */ = {isa = PBXFileReference; fileEncoding = 4; lastKnownFileType = file.xib; path = VideoCameraPreferenceViewController.xib; sourceTree = "<group>"; };
		78F4434F231159EF005CCBF0 /* GeneralPreferenceViewController.xib */ = {isa = PBXFileReference; fileEncoding = 4; lastKnownFileType = file.xib; path = GeneralPreferenceViewController.xib; sourceTree = "<group>"; };
		78F44350231159EF005CCBF0 /* VideoCameraPreferenceViewController.swift */ = {isa = PBXFileReference; fileEncoding = 4; lastKnownFileType = sourcecode.swift; path = VideoCameraPreferenceViewController.swift; sourceTree = "<group>"; };
		78F4435523115C26005CCBF0 /* util.swift */ = {isa = PBXFileReference; fileEncoding = 4; lastKnownFileType = sourcecode.swift; path = util.swift; sourceTree = "<group>"; };
		78F4435623115C27005CCBF0 /* PreferencesStyle+UserDefaults.swift */ = {isa = PBXFileReference; fileEncoding = 4; lastKnownFileType = sourcecode.swift; path = "PreferencesStyle+UserDefaults.swift"; sourceTree = "<group>"; };
		A5C3D39745ABC9776FF25A03 /* Pods_Face_Detector.framework */ = {isa = PBXFileReference; explicitFileType = wrapper.framework; includeInIndex = 0; path = Pods_Face_Detector.framework; sourceTree = BUILT_PRODUCTS_DIR; };
/* End PBXFileReference section */

/* Begin PBXFrameworksBuildPhase section */
		78C6165D230C9883009829DB /* Frameworks */ = {
			isa = PBXFrameworksBuildPhase;
			buildActionMask = 2147483647;
			files = (
				78C61695230CA2FD009829DB /* AVKit.framework in Frameworks */,
				78C61693230C99D8009829DB /* Vision.framework in Frameworks */,
				78C61691230C99D1009829DB /* AVFoundation.framework in Frameworks */,
				08356EA90966DF288D174C17 /* Pods_Face_Detector.framework in Frameworks */,
			);
			runOnlyForDeploymentPostprocessing = 0;
		};
		78C6166F230C9886009829DB /* Frameworks */ = {
			isa = PBXFrameworksBuildPhase;
			buildActionMask = 2147483647;
			files = (
			);
			runOnlyForDeploymentPostprocessing = 0;
		};
		78C6167A230C9886009829DB /* Frameworks */ = {
			isa = PBXFrameworksBuildPhase;
			buildActionMask = 2147483647;
			files = (
			);
			runOnlyForDeploymentPostprocessing = 0;
		};
/* End PBXFrameworksBuildPhase section */

/* Begin PBXGroup section */
		7831870F230E0D48009D7A0A /* Extensions */ = {
			isa = PBXGroup;
			children = (
				78318710230E0D68009D7A0A /* CALayer.swift */,
			);
			path = Extensions;
			sourceTree = "<group>";
		};
		785AD6C7230F1FF5001223C3 /* Cross Platform */ = {
			isa = PBXGroup;
			children = (
				785AD6C8230F2026001223C3 /* CrossPlatformRenderer.swift */,
				785AD6CC230F20C8001223C3 /* CrossPlatformDefines.swift */,
				785AD6CA230F20C8001223C3 /* ImageFormatUtility.swift */,
				785AD6CB230F20C8001223C3 /* PushDraw.swift */,
			);
			path = "Cross Platform";
			sourceTree = "<group>";
		};
		78C61657230C9883009829DB = {
			isa = PBXGroup;
			children = (
				78C61662230C9883009829DB /* Face Detector */,
				78C61675230C9886009829DB /* Face DetectorTests */,
				78C61680230C9886009829DB /* Face DetectorUITests */,
				78C61661230C9883009829DB /* Products */,
				78C6168F230C99D1009829DB /* Frameworks */,
				8C984201CF779AFDF8A49B17 /* Pods */,
			);
			sourceTree = "<group>";
		};
		78C61661230C9883009829DB /* Products */ = {
			isa = PBXGroup;
			children = (
				78C61660230C9883009829DB /* Face Detector.app */,
				78C61672230C9886009829DB /* Face DetectorTests.xctest */,
				78C6167D230C9886009829DB /* Face DetectorUITests.xctest */,
			);
			name = Products;
			sourceTree = "<group>";
		};
		78C61662230C9883009829DB /* Face Detector */ = {
			isa = PBXGroup;
			children = (
				78F4434C23115492005CCBF0 /* Preferences */,
				785AD6C7230F1FF5001223C3 /* Cross Platform */,
				7831870F230E0D48009D7A0A /* Extensions */,
				78C61663230C9883009829DB /* AppDelegate.swift */,
				78C61665230C9883009829DB /* FaceDetectionViewController.swift */,
				78C61667230C9886009829DB /* Assets.xcassets */,
				78C61669230C9886009829DB /* Main.storyboard */,
				78C6166C230C9886009829DB /* Info.plist */,
				78838B38230DB466009A2BF9 /* GoogleService-Info.plist */,
				78C6166D230C9886009829DB /* Face_Detector.entitlements */,
				78318712230E0DBA009D7A0A /* Utils.swift */,
			);
			path = "Face Detector";
			sourceTree = "<group>";
		};
		78C61675230C9886009829DB /* Face DetectorTests */ = {
			isa = PBXGroup;
			children = (
				78C61676230C9886009829DB /* Face_DetectorTests.swift */,
				78C61678230C9886009829DB /* Info.plist */,
			);
			path = "Face DetectorTests";
			sourceTree = "<group>";
		};
		78C61680230C9886009829DB /* Face DetectorUITests */ = {
			isa = PBXGroup;
			children = (
				78C61681230C9886009829DB /* Face_DetectorUITests.swift */,
				78C61683230C9886009829DB /* Info.plist */,
			);
			path = "Face DetectorUITests";
			sourceTree = "<group>";
		};
		78C6168F230C99D1009829DB /* Frameworks */ = {
			isa = PBXGroup;
			children = (
				78C61694230CA2FD009829DB /* AVKit.framework */,
				78C61692230C99D8009829DB /* Vision.framework */,
				78C61690230C99D1009829DB /* AVFoundation.framework */,
				A5C3D39745ABC9776FF25A03 /* Pods_Face_Detector.framework */,
			);
			name = Frameworks;
			sourceTree = "<group>";
		};
		78F4434C23115492005CCBF0 /* Preferences */ = {
			isa = PBXGroup;
			children = (
				78F4435623115C27005CCBF0 /* PreferencesStyle+UserDefaults.swift */,
				78F4435523115C26005CCBF0 /* util.swift */,
				78F44350231159EF005CCBF0 /* VideoCameraPreferenceViewController.swift */,
				78F4434E231159EF005CCBF0 /* VideoCameraPreferenceViewController.xib */,
				78F4434D231159EF005CCBF0 /* GeneralPreferenceViewController.swift */,
				78F4434F231159EF005CCBF0 /* GeneralPreferenceViewController.xib */,
			);
			path = Preferences;
			sourceTree = "<group>";
		};
		8C984201CF779AFDF8A49B17 /* Pods */ = {
			isa = PBXGroup;
			children = (
				6F091BCC8C5C44F9013A422B /* Pods-Face Detector.debug.xcconfig */,
				3C69AD10BA218E333A991962 /* Pods-Face Detector.release.xcconfig */,
			);
			path = Pods;
			sourceTree = "<group>";
		};
/* End PBXGroup section */

/* Begin PBXNativeTarget section */
		78C6165F230C9883009829DB /* Face Detector */ = {
			isa = PBXNativeTarget;
			buildConfigurationList = 78C61686230C9886009829DB /* Build configuration list for PBXNativeTarget "Face Detector" */;
			buildPhases = (
				F6FBF170CE8923D01CFD5784 /* [CP] Check Pods Manifest.lock */,
				78C6165C230C9883009829DB /* Sources */,
				78C6165D230C9883009829DB /* Frameworks */,
				78C6165E230C9883009829DB /* Resources */,
				88D3F619040878E088B20160 /* [CP] Embed Pods Frameworks */,
			);
			buildRules = (
			);
			dependencies = (
			);
			name = "Face Detector";
			productName = "Face Detector";
			productReference = 78C61660230C9883009829DB /* Face Detector.app */;
			productType = "com.apple.product-type.application";
		};
		78C61671230C9886009829DB /* Face DetectorTests */ = {
			isa = PBXNativeTarget;
			buildConfigurationList = 78C61689230C9886009829DB /* Build configuration list for PBXNativeTarget "Face DetectorTests" */;
			buildPhases = (
				78C6166E230C9886009829DB /* Sources */,
				78C6166F230C9886009829DB /* Frameworks */,
				78C61670230C9886009829DB /* Resources */,
			);
			buildRules = (
			);
			dependencies = (
				78C61674230C9886009829DB /* PBXTargetDependency */,
			);
			name = "Face DetectorTests";
			productName = "Face DetectorTests";
			productReference = 78C61672230C9886009829DB /* Face DetectorTests.xctest */;
			productType = "com.apple.product-type.bundle.unit-test";
		};
		78C6167C230C9886009829DB /* Face DetectorUITests */ = {
			isa = PBXNativeTarget;
			buildConfigurationList = 78C6168C230C9886009829DB /* Build configuration list for PBXNativeTarget "Face DetectorUITests" */;
			buildPhases = (
				78C61679230C9886009829DB /* Sources */,
				78C6167A230C9886009829DB /* Frameworks */,
				78C6167B230C9886009829DB /* Resources */,
			);
			buildRules = (
			);
			dependencies = (
				78C6167F230C9886009829DB /* PBXTargetDependency */,
			);
			name = "Face DetectorUITests";
			productName = "Face DetectorUITests";
			productReference = 78C6167D230C9886009829DB /* Face DetectorUITests.xctest */;
			productType = "com.apple.product-type.bundle.ui-testing";
		};
/* End PBXNativeTarget section */

/* Begin PBXProject section */
		78C61658230C9883009829DB /* Project object */ = {
			isa = PBXProject;
			attributes = {
				LastSwiftUpdateCheck = 1030;
				LastUpgradeCheck = 1030;
				ORGANIZATIONNAME = Noorg;
				TargetAttributes = {
					78C6165F230C9883009829DB = {
						CreatedOnToolsVersion = 10.3;
					};
					78C61671230C9886009829DB = {
						CreatedOnToolsVersion = 10.3;
						TestTargetID = 78C6165F230C9883009829DB;
					};
					78C6167C230C9886009829DB = {
						CreatedOnToolsVersion = 10.3;
						TestTargetID = 78C6165F230C9883009829DB;
					};
				};
			};
			buildConfigurationList = 78C6165B230C9883009829DB /* Build configuration list for PBXProject "Face Detector" */;
			compatibilityVersion = "Xcode 9.3";
			developmentRegion = en;
			hasScannedForEncodings = 0;
			knownRegions = (
				en,
				Base,
			);
			mainGroup = 78C61657230C9883009829DB;
			productRefGroup = 78C61661230C9883009829DB /* Products */;
			projectDirPath = "";
			projectRoot = "";
			targets = (
				78C6165F230C9883009829DB /* Face Detector */,
				78C61671230C9886009829DB /* Face DetectorTests */,
				78C6167C230C9886009829DB /* Face DetectorUITests */,
			);
		};
/* End PBXProject section */

/* Begin PBXResourcesBuildPhase section */
		78C6165E230C9883009829DB /* Resources */ = {
			isa = PBXResourcesBuildPhase;
			buildActionMask = 2147483647;
			files = (
				78C61668230C9886009829DB /* Assets.xcassets in Resources */,
				78F44352231159EF005CCBF0 /* VideoCameraPreferenceViewController.xib in Resources */,
				78F44353231159EF005CCBF0 /* GeneralPreferenceViewController.xib in Resources */,
				78C6166B230C9886009829DB /* Main.storyboard in Resources */,
				78838B39230DB466009A2BF9 /* GoogleService-Info.plist in Resources */,
			);
			runOnlyForDeploymentPostprocessing = 0;
		};
		78C61670230C9886009829DB /* Resources */ = {
			isa = PBXResourcesBuildPhase;
			buildActionMask = 2147483647;
			files = (
			);
			runOnlyForDeploymentPostprocessing = 0;
		};
		78C6167B230C9886009829DB /* Resources */ = {
			isa = PBXResourcesBuildPhase;
			buildActionMask = 2147483647;
			files = (
			);
			runOnlyForDeploymentPostprocessing = 0;
		};
/* End PBXResourcesBuildPhase section */

/* Begin PBXShellScriptBuildPhase section */
		88D3F619040878E088B20160 /* [CP] Embed Pods Frameworks */ = {
			isa = PBXShellScriptBuildPhase;
			buildActionMask = 2147483647;
			files = (
			);
			inputFileListPaths = (
				"${PODS_ROOT}/Target Support Files/Pods-Face Detector/Pods-Face Detector-frameworks-${CONFIGURATION}-input-files.xcfilelist",
			);
			name = "[CP] Embed Pods Frameworks";
			outputFileListPaths = (
				"${PODS_ROOT}/Target Support Files/Pods-Face Detector/Pods-Face Detector-frameworks-${CONFIGURATION}-output-files.xcfilelist",
			);
			runOnlyForDeploymentPostprocessing = 0;
			shellPath = /bin/sh;
			shellScript = "\"${PODS_ROOT}/Target Support Files/Pods-Face Detector/Pods-Face Detector-frameworks.sh\"\n";
			showEnvVarsInLog = 0;
		};
		F6FBF170CE8923D01CFD5784 /* [CP] Check Pods Manifest.lock */ = {
			isa = PBXShellScriptBuildPhase;
			buildActionMask = 2147483647;
			files = (
			);
			inputFileListPaths = (
			);
			inputPaths = (
				"${PODS_PODFILE_DIR_PATH}/Podfile.lock",
				"${PODS_ROOT}/Manifest.lock",
			);
			name = "[CP] Check Pods Manifest.lock";
			outputFileListPaths = (
			);
			outputPaths = (
				"$(DERIVED_FILE_DIR)/Pods-Face Detector-checkManifestLockResult.txt",
			);
			runOnlyForDeploymentPostprocessing = 0;
			shellPath = /bin/sh;
			shellScript = "diff \"${PODS_PODFILE_DIR_PATH}/Podfile.lock\" \"${PODS_ROOT}/Manifest.lock\" > /dev/null\nif [ $? != 0 ] ; then\n    # print error to STDERR\n    echo \"error: The sandbox is not in sync with the Podfile.lock. Run 'pod install' or update your CocoaPods installation.\" >&2\n    exit 1\nfi\n# This output is used by Xcode 'outputs' to avoid re-running this script phase.\necho \"SUCCESS\" > \"${SCRIPT_OUTPUT_FILE_0}\"\n";
			showEnvVarsInLog = 0;
		};
/* End PBXShellScriptBuildPhase section */

/* Begin PBXSourcesBuildPhase section */
		78C6165C230C9883009829DB /* Sources */ = {
			isa = PBXSourcesBuildPhase;
			buildActionMask = 2147483647;
			files = (
				78F4435723115C27005CCBF0 /* util.swift in Sources */,
				78F44351231159EF005CCBF0 /* GeneralPreferenceViewController.swift in Sources */,
				78318711230E0D68009D7A0A /* CALayer.swift in Sources */,
				78F4435823115C27005CCBF0 /* PreferencesStyle+UserDefaults.swift in Sources */,
				78C61666230C9883009829DB /* FaceDetectionViewController.swift in Sources */,
				78C61664230C9883009829DB /* AppDelegate.swift in Sources */,
				78318713230E0DBA009D7A0A /* Utils.swift in Sources */,
				78F44354231159EF005CCBF0 /* VideoCameraPreferenceViewController.swift in Sources */,
			);
			runOnlyForDeploymentPostprocessing = 0;
		};
		78C6166E230C9886009829DB /* Sources */ = {
			isa = PBXSourcesBuildPhase;
			buildActionMask = 2147483647;
			files = (
				78C61677230C9886009829DB /* Face_DetectorTests.swift in Sources */,
			);
			runOnlyForDeploymentPostprocessing = 0;
		};
		78C61679230C9886009829DB /* Sources */ = {
			isa = PBXSourcesBuildPhase;
			buildActionMask = 2147483647;
			files = (
				78C61682230C9886009829DB /* Face_DetectorUITests.swift in Sources */,
			);
			runOnlyForDeploymentPostprocessing = 0;
		};
/* End PBXSourcesBuildPhase section */

/* Begin PBXTargetDependency section */
		78C61674230C9886009829DB /* PBXTargetDependency */ = {
			isa = PBXTargetDependency;
			target = 78C6165F230C9883009829DB /* Face Detector */;
			targetProxy = 78C61673230C9886009829DB /* PBXContainerItemProxy */;
		};
		78C6167F230C9886009829DB /* PBXTargetDependency */ = {
			isa = PBXTargetDependency;
			target = 78C6165F230C9883009829DB /* Face Detector */;
			targetProxy = 78C6167E230C9886009829DB /* PBXContainerItemProxy */;
		};
/* End PBXTargetDependency section */

/* Begin PBXVariantGroup section */
		78C61669230C9886009829DB /* Main.storyboard */ = {
			isa = PBXVariantGroup;
			children = (
				78C6166A230C9886009829DB /* Base */,
			);
			name = Main.storyboard;
			sourceTree = "<group>";
		};
/* End PBXVariantGroup section */

/* Begin XCBuildConfiguration section */
		78C61684230C9886009829DB /* Debug */ = {
			isa = XCBuildConfiguration;
			buildSettings = {
				ALWAYS_SEARCH_USER_PATHS = NO;
				CLANG_ANALYZER_NONNULL = YES;
				CLANG_ANALYZER_NUMBER_OBJECT_CONVERSION = YES_AGGRESSIVE;
				CLANG_CXX_LANGUAGE_STANDARD = "gnu++14";
				CLANG_CXX_LIBRARY = "libc++";
				CLANG_ENABLE_MODULES = YES;
				CLANG_ENABLE_OBJC_ARC = YES;
				CLANG_ENABLE_OBJC_WEAK = YES;
				CLANG_WARN_BLOCK_CAPTURE_AUTORELEASING = YES;
				CLANG_WARN_BOOL_CONVERSION = YES;
				CLANG_WARN_COMMA = YES;
				CLANG_WARN_CONSTANT_CONVERSION = YES;
				CLANG_WARN_DEPRECATED_OBJC_IMPLEMENTATIONS = YES;
				CLANG_WARN_DIRECT_OBJC_ISA_USAGE = YES_ERROR;
				CLANG_WARN_DOCUMENTATION_COMMENTS = YES;
				CLANG_WARN_EMPTY_BODY = YES;
				CLANG_WARN_ENUM_CONVERSION = YES;
				CLANG_WARN_INFINITE_RECURSION = YES;
				CLANG_WARN_INT_CONVERSION = YES;
				CLANG_WARN_NON_LITERAL_NULL_CONVERSION = YES;
				CLANG_WARN_OBJC_IMPLICIT_RETAIN_SELF = YES;
				CLANG_WARN_OBJC_LITERAL_CONVERSION = YES;
				CLANG_WARN_OBJC_ROOT_CLASS = YES_ERROR;
				CLANG_WARN_RANGE_LOOP_ANALYSIS = YES;
				CLANG_WARN_STRICT_PROTOTYPES = YES;
				CLANG_WARN_SUSPICIOUS_MOVE = YES;
				CLANG_WARN_UNGUARDED_AVAILABILITY = YES_AGGRESSIVE;
				CLANG_WARN_UNREACHABLE_CODE = YES;
				CLANG_WARN__DUPLICATE_METHOD_MATCH = YES;
				CODE_SIGN_IDENTITY = "Mac Developer";
				COPY_PHASE_STRIP = NO;
				DEBUG_INFORMATION_FORMAT = dwarf;
				ENABLE_STRICT_OBJC_MSGSEND = YES;
				ENABLE_TESTABILITY = YES;
				GCC_C_LANGUAGE_STANDARD = gnu11;
				GCC_DYNAMIC_NO_PIC = NO;
				GCC_NO_COMMON_BLOCKS = YES;
				GCC_OPTIMIZATION_LEVEL = 0;
				GCC_PREPROCESSOR_DEFINITIONS = (
					"DEBUG=1",
					"$(inherited)",
				);
				GCC_WARN_64_TO_32_BIT_CONVERSION = YES;
				GCC_WARN_ABOUT_RETURN_TYPE = YES_ERROR;
				GCC_WARN_UNDECLARED_SELECTOR = YES;
				GCC_WARN_UNINITIALIZED_AUTOS = YES_AGGRESSIVE;
				GCC_WARN_UNUSED_FUNCTION = YES;
				GCC_WARN_UNUSED_VARIABLE = YES;
				MACOSX_DEPLOYMENT_TARGET = 10.14;
				MTL_ENABLE_DEBUG_INFO = INCLUDE_SOURCE;
				MTL_FAST_MATH = YES;
				ONLY_ACTIVE_ARCH = YES;
				SDKROOT = macosx;
				SWIFT_ACTIVE_COMPILATION_CONDITIONS = DEBUG;
				SWIFT_OPTIMIZATION_LEVEL = "-Onone";
			};
			name = Debug;
		};
		78C61685230C9886009829DB /* Release */ = {
			isa = XCBuildConfiguration;
			buildSettings = {
				ALWAYS_SEARCH_USER_PATHS = NO;
				CLANG_ANALYZER_NONNULL = YES;
				CLANG_ANALYZER_NUMBER_OBJECT_CONVERSION = YES_AGGRESSIVE;
				CLANG_CXX_LANGUAGE_STANDARD = "gnu++14";
				CLANG_CXX_LIBRARY = "libc++";
				CLANG_ENABLE_MODULES = YES;
				CLANG_ENABLE_OBJC_ARC = YES;
				CLANG_ENABLE_OBJC_WEAK = YES;
				CLANG_WARN_BLOCK_CAPTURE_AUTORELEASING = YES;
				CLANG_WARN_BOOL_CONVERSION = YES;
				CLANG_WARN_COMMA = YES;
				CLANG_WARN_CONSTANT_CONVERSION = YES;
				CLANG_WARN_DEPRECATED_OBJC_IMPLEMENTATIONS = YES;
				CLANG_WARN_DIRECT_OBJC_ISA_USAGE = YES_ERROR;
				CLANG_WARN_DOCUMENTATION_COMMENTS = YES;
				CLANG_WARN_EMPTY_BODY = YES;
				CLANG_WARN_ENUM_CONVERSION = YES;
				CLANG_WARN_INFINITE_RECURSION = YES;
				CLANG_WARN_INT_CONVERSION = YES;
				CLANG_WARN_NON_LITERAL_NULL_CONVERSION = YES;
				CLANG_WARN_OBJC_IMPLICIT_RETAIN_SELF = YES;
				CLANG_WARN_OBJC_LITERAL_CONVERSION = YES;
				CLANG_WARN_OBJC_ROOT_CLASS = YES_ERROR;
				CLANG_WARN_RANGE_LOOP_ANALYSIS = YES;
				CLANG_WARN_STRICT_PROTOTYPES = YES;
				CLANG_WARN_SUSPICIOUS_MOVE = YES;
				CLANG_WARN_UNGUARDED_AVAILABILITY = YES_AGGRESSIVE;
				CLANG_WARN_UNREACHABLE_CODE = YES;
				CLANG_WARN__DUPLICATE_METHOD_MATCH = YES;
				CODE_SIGN_IDENTITY = "Mac Developer";
				COPY_PHASE_STRIP = NO;
				DEBUG_INFORMATION_FORMAT = "dwarf-with-dsym";
				ENABLE_NS_ASSERTIONS = NO;
				ENABLE_STRICT_OBJC_MSGSEND = YES;
				GCC_C_LANGUAGE_STANDARD = gnu11;
				GCC_NO_COMMON_BLOCKS = YES;
				GCC_WARN_64_TO_32_BIT_CONVERSION = YES;
				GCC_WARN_ABOUT_RETURN_TYPE = YES_ERROR;
				GCC_WARN_UNDECLARED_SELECTOR = YES;
				GCC_WARN_UNINITIALIZED_AUTOS = YES_AGGRESSIVE;
				GCC_WARN_UNUSED_FUNCTION = YES;
				GCC_WARN_UNUSED_VARIABLE = YES;
				MACOSX_DEPLOYMENT_TARGET = 10.14;
				MTL_ENABLE_DEBUG_INFO = NO;
				MTL_FAST_MATH = YES;
				SDKROOT = macosx;
				SWIFT_COMPILATION_MODE = wholemodule;
				SWIFT_OPTIMIZATION_LEVEL = "-O";
			};
			name = Release;
		};
		78C61687230C9886009829DB /* Debug */ = {
			isa = XCBuildConfiguration;
			baseConfigurationReference = 6F091BCC8C5C44F9013A422B /* Pods-Face Detector.debug.xcconfig */;
			buildSettings = {
				ASSETCATALOG_COMPILER_APPICON_NAME = AppIcon;
				CODE_SIGN_STYLE = Automatic;
				COMBINE_HIDPI_IMAGES = YES;
				DEVELOPMENT_TEAM = FPL5896D45;
				INFOPLIST_FILE = "Face Detector/Info.plist";
				LD_RUNPATH_SEARCH_PATHS = (
					"$(inherited)",
					"@executable_path/../Frameworks",
				);
				MACOSX_DEPLOYMENT_TARGET = 10.14;
				PRODUCT_BUNDLE_IDENTIFIER = "com.noorg.Face-Detector";
				PRODUCT_NAME = "$(TARGET_NAME)";
				SWIFT_VERSION = 5.0;
			};
			name = Debug;
		};
		78C61688230C9886009829DB /* Release */ = {
			isa = XCBuildConfiguration;
			baseConfigurationReference = 3C69AD10BA218E333A991962 /* Pods-Face Detector.release.xcconfig */;
			buildSettings = {
				ASSETCATALOG_COMPILER_APPICON_NAME = AppIcon;
				CODE_SIGN_STYLE = Automatic;
				COMBINE_HIDPI_IMAGES = YES;
				DEVELOPMENT_TEAM = FPL5896D45;
				INFOPLIST_FILE = "Face Detector/Info.plist";
				LD_RUNPATH_SEARCH_PATHS = (
					"$(inherited)",
					"@executable_path/../Frameworks",
				);
				MACOSX_DEPLOYMENT_TARGET = 10.14;
				PRODUCT_BUNDLE_IDENTIFIER = "com.noorg.Face-Detector";
				PRODUCT_NAME = "$(TARGET_NAME)";
				SWIFT_VERSION = 5.0;
			};
			name = Release;
		};
		78C6168A230C9886009829DB /* Debug */ = {
			isa = XCBuildConfiguration;
			buildSettings = {
				ALWAYS_EMBED_SWIFT_STANDARD_LIBRARIES = YES;
				BUNDLE_LOADER = "$(TEST_HOST)";
				CODE_SIGN_STYLE = Automatic;
				COMBINE_HIDPI_IMAGES = YES;
				DEVELOPMENT_TEAM = FPL5896D45;
				INFOPLIST_FILE = "Face DetectorTests/Info.plist";
				LD_RUNPATH_SEARCH_PATHS = (
					"$(inherited)",
					"@executable_path/../Frameworks",
					"@loader_path/../Frameworks",
				);
				PRODUCT_BUNDLE_IDENTIFIER = "com.noorg.Face-DetectorTests";
				PRODUCT_NAME = "$(TARGET_NAME)";
				SWIFT_VERSION = 5.0;
				TEST_HOST = "$(BUILT_PRODUCTS_DIR)/Face Detector.app/Contents/MacOS/Face Detector";
			};
			name = Debug;
		};
		78C6168B230C9886009829DB /* Release */ = {
			isa = XCBuildConfiguration;
			buildSettings = {
				ALWAYS_EMBED_SWIFT_STANDARD_LIBRARIES = YES;
				BUNDLE_LOADER = "$(TEST_HOST)";
				CODE_SIGN_STYLE = Automatic;
				COMBINE_HIDPI_IMAGES = YES;
				DEVELOPMENT_TEAM = FPL5896D45;
				INFOPLIST_FILE = "Face DetectorTests/Info.plist";
				LD_RUNPATH_SEARCH_PATHS = (
					"$(inherited)",
					"@executable_path/../Frameworks",
					"@loader_path/../Frameworks",
				);
				PRODUCT_BUNDLE_IDENTIFIER = "com.noorg.Face-DetectorTests";
				PRODUCT_NAME = "$(TARGET_NAME)";
				SWIFT_VERSION = 5.0;
				TEST_HOST = "$(BUILT_PRODUCTS_DIR)/Face Detector.app/Contents/MacOS/Face Detector";
			};
			name = Release;
		};
		78C6168D230C9886009829DB /* Debug */ = {
			isa = XCBuildConfiguration;
			buildSettings = {
				ALWAYS_EMBED_SWIFT_STANDARD_LIBRARIES = YES;
				CODE_SIGN_STYLE = Automatic;
				COMBINE_HIDPI_IMAGES = YES;
				DEVELOPMENT_TEAM = FPL5896D45;
				INFOPLIST_FILE = "Face DetectorUITests/Info.plist";
				LD_RUNPATH_SEARCH_PATHS = (
					"$(inherited)",
					"@executable_path/../Frameworks",
					"@loader_path/../Frameworks",
				);
				PRODUCT_BUNDLE_IDENTIFIER = "com.noorg.Face-DetectorUITests";
				PRODUCT_NAME = "$(TARGET_NAME)";
				SWIFT_VERSION = 5.0;
				TEST_TARGET_NAME = "Face Detector";
			};
			name = Debug;
		};
		78C6168E230C9886009829DB /* Release */ = {
			isa = XCBuildConfiguration;
			buildSettings = {
				ALWAYS_EMBED_SWIFT_STANDARD_LIBRARIES = YES;
				CODE_SIGN_STYLE = Automatic;
				COMBINE_HIDPI_IMAGES = YES;
				DEVELOPMENT_TEAM = FPL5896D45;
				INFOPLIST_FILE = "Face DetectorUITests/Info.plist";
				LD_RUNPATH_SEARCH_PATHS = (
					"$(inherited)",
					"@executable_path/../Frameworks",
					"@loader_path/../Frameworks",
				);
				PRODUCT_BUNDLE_IDENTIFIER = "com.noorg.Face-DetectorUITests";
				PRODUCT_NAME = "$(TARGET_NAME)";
				SWIFT_VERSION = 5.0;
				TEST_TARGET_NAME = "Face Detector";
			};
			name = Release;
		};
/* End XCBuildConfiguration section */

/* Begin XCConfigurationList section */
		78C6165B230C9883009829DB /* Build configuration list for PBXProject "Face Detector" */ = {
			isa = XCConfigurationList;
			buildConfigurations = (
				78C61684230C9886009829DB /* Debug */,
				78C61685230C9886009829DB /* Release */,
			);
			defaultConfigurationIsVisible = 0;
			defaultConfigurationName = Release;
		};
		78C61686230C9886009829DB /* Build configuration list for PBXNativeTarget "Face Detector" */ = {
			isa = XCConfigurationList;
			buildConfigurations = (
				78C61687230C9886009829DB /* Debug */,
				78C61688230C9886009829DB /* Release */,
			);
			defaultConfigurationIsVisible = 0;
			defaultConfigurationName = Release;
		};
		78C61689230C9886009829DB /* Build configuration list for PBXNativeTarget "Face DetectorTests" */ = {
			isa = XCConfigurationList;
			buildConfigurations = (
				78C6168A230C9886009829DB /* Debug */,
				78C6168B230C9886009829DB /* Release */,
			);
			defaultConfigurationIsVisible = 0;
			defaultConfigurationName = Release;
		};
		78C6168C230C9886009829DB /* Build configuration list for PBXNativeTarget "Face DetectorUITests" */ = {
			isa = XCConfigurationList;
			buildConfigurations = (
				78C6168D230C9886009829DB /* Debug */,
				78C6168E230C9886009829DB /* Release */,
			);
			defaultConfigurationIsVisible = 0;
			defaultConfigurationName = Release;
		};
/* End XCConfigurationList section */
	};
	rootObject = 78C61658230C9883009829DB /* Project object */;
}
